
Microsoft Visual Studio Solution File, Format Version 12.00
# Visual Studio Version 17
VisualStudioVersion = 17.6.33829.357
MinimumVisualStudioVersion = 10.0.40219.1
Project("{9A19103F-16F7-4668-BE54-9A1E7A4F7556}") = "SiteManagementPanel.Service", "SiteManagementPanel\SiteManagementPanel.Service.csproj", "{7C8EC92A-1827-4565-8656-6890FF80926C}"
EndProject
Project("{9A19103F-16F7-4668-BE54-9A1E7A4F7556}") = "SiteManagementPanel.Base", "SiteManagamentPanel.Base\SiteManagementPanel.Base.csproj", "{32628E84-3BB9-463E-9DCE-606F76A90CC9}"
EndProject
Project("{9A19103F-16F7-4668-BE54-9A1E7A4F7556}") = "SiteManagementPanel.Data", "SiteManagement.Data\SiteManagementPanel.Data.csproj", "{23B1DA26-24DE-4D2B-8971-B9197EE348CC}"
EndProject
Project("{9A19103F-16F7-4668-BE54-9A1E7A4F7556}") = "SiteManagementPanel.Schema", "SiteManagementPanel.Schema\SiteManagementPanel.Schema.csproj", "{2559A2DA-47AD-447F-B86F-636237B14C41}"
EndProject
Project("{FAE04EC0-301F-11D3-BF4B-00C04F79EFBC}") = "SiteManagementPanel.Business", "SiteManagementPanel.Business\SiteManagementPanel.Business.csproj", "{91E7CA22-3E3B-4AE1-9BC4-5000CA3F8BF3}"
EndProject
Global
	GlobalSection(SolutionConfigurationPlatforms) = preSolution
		Debug|Any CPU = Debug|Any CPU
		Release|Any CPU = Release|Any CPU
	EndGlobalSection
	GlobalSection(ProjectConfigurationPlatforms) = postSolution
		{7C8EC92A-1827-4565-8656-6890FF80926C}.Debug|Any CPU.ActiveCfg = Debug|Any CPU
		{7C8EC92A-1827-4565-8656-6890FF80926C}.Debug|Any CPU.Build.0 = Debug|Any CPU
		{7C8EC92A-1827-4565-8656-6890FF80926C}.Release|Any CPU.ActiveCfg = Release|Any CPU
		{7C8EC92A-1827-4565-8656-6890FF80926C}.Release|Any CPU.Build.0 = Release|Any CPU
		{32628E84-3BB9-463E-9DCE-606F76A90CC9}.Debug|Any CPU.ActiveCfg = Debug|Any CPU
		{32628E84-3BB9-463E-9DCE-606F76A90CC9}.Debug|Any CPU.Build.0 = Debug|Any CPU
		{32628E84-3BB9-463E-9DCE-606F76A90CC9}.Release|Any CPU.ActiveCfg = Release|Any CPU
		{32628E84-3BB9-463E-9DCE-606F76A90CC9}.Release|Any CPU.Build.0 = Release|Any CPU
		{23B1DA26-24DE-4D2B-8971-B9197EE348CC}.Debug|Any CPU.ActiveCfg = Debug|Any CPU
		{23B1DA26-24DE-4D2B-8971-B9197EE348CC}.Debug|Any CPU.Build.0 = Debug|Any CPU
		{23B1DA26-24DE-4D2B-8971-B9197EE348CC}.Release|Any CPU.ActiveCfg = Release|Any CPU
		{23B1DA26-24DE-4D2B-8971-B9197EE348CC}.Release|Any CPU.Build.0 = Release|Any CPU
		{2559A2DA-47AD-447F-B86F-636237B14C41}.Debug|Any CPU.ActiveCfg = Debug|Any CPU
		{2559A2DA-47AD-447F-B86F-636237B14C41}.Debug|Any CPU.Build.0 = Debug|Any CPU
		{2559A2DA-47AD-447F-B86F-636237B14C41}.Release|Any CPU.ActiveCfg = Release|Any CPU
		{2559A2DA-47AD-447F-B86F-636237B14C41}.Release|Any CPU.Build.0 = Release|Any CPU
		{91E7CA22-3E3B-4AE1-9BC4-5000CA3F8BF3}.Debug|Any CPU.ActiveCfg = Debug|Any CPU
		{91E7CA22-3E3B-4AE1-9BC4-5000CA3F8BF3}.Debug|Any CPU.Build.0 = Debug|Any CPU
		{91E7CA22-3E3B-4AE1-9BC4-5000CA3F8BF3}.Release|Any CPU.ActiveCfg = Release|Any CPU
		{91E7CA22-3E3B-4AE1-9BC4-5000CA3F8BF3}.Release|Any CPU.Build.0 = Release|Any CPU
	EndGlobalSection
	GlobalSection(SolutionProperties) = preSolution
		HideSolutionNode = FALSE
	EndGlobalSection
	GlobalSection(ExtensibilityGlobals) = postSolution
		SolutionGuid = {769237CB-1BC8-44C0-9AE4-D2AEB743850C}
	EndGlobalSection
EndGlobal
